
Microsoft Visual Studio Solution File, Format Version 12.00
# Visual Studio Version 16
VisualStudioVersion = 16.0.29424.173
MinimumVisualStudioVersion = 10.0.40219.1
Project("{FAE04EC0-301F-11D3-BF4B-00C04F79EFBC}") = "CSharp Final Project- Thomas Nichols", "CSharp Final Project- Thomas Nichols.csproj", "{5CADF296-A4DC-408E-A8D1-CFC96198952D}"
EndProject
Global
	GlobalSection(SolutionConfigurationPlatforms) = preSolution
		Debug|Any CPU = Debug|Any CPU
		Debug|x64 = Debug|x64
		Release|Any CPU = Release|Any CPU
		Release|x64 = Release|x64
	EndGlobalSection
	GlobalSection(ProjectConfigurationPlatforms) = postSolution
		{5CADF296-A4DC-408E-A8D1-CFC96198952D}.Debug|Any CPU.ActiveCfg = Debug|Any CPU
		{5CADF296-A4DC-408E-A8D1-CFC96198952D}.Debug|Any CPU.Build.0 = Debug|Any CPU
		{5CADF296-A4DC-408E-A8D1-CFC96198952D}.Debug|x64.ActiveCfg = Debug|x64
		{5CADF296-A4DC-408E-A8D1-CFC96198952D}.Debug|x64.Build.0 = Debug|x64
		{5CADF296-A4DC-408E-A8D1-CFC96198952D}.Release|Any CPU.ActiveCfg = Release|Any CPU
		{5CADF296-A4DC-408E-A8D1-CFC96198952D}.Release|Any CPU.Build.0 = Release|Any CPU
		{5CADF296-A4DC-408E-A8D1-CFC96198952D}.Release|x64.ActiveCfg = Release|x64
		{5CADF296-A4DC-408E-A8D1-CFC96198952D}.Release|x64.Build.0 = Release|x64
	EndGlobalSection
	GlobalSection(SolutionProperties) = preSolution
		HideSolutionNode = FALSE
	EndGlobalSection
	GlobalSection(ExtensibilityGlobals) = postSolution
		SolutionGuid = {2ABC0404-D4B8-42E2-85C2-C5983AC366BB}
	EndGlobalSection
EndGlobal
